# This file is autogenerated, do not edit; changes may be undone by the next 'dep ensure'.


[[projects]]
  digest = "1:e35353e6b5c1a1350832f2f5ea87f1d42d491ce519bc6e2c65d5dd6d020e2a01"
  name = "github.com/gin-contrib/sse"
  packages = ["."]
  pruneopts = ""
  revision = "54d8467d122d380a14768b6b4e5cd7ca4755938f"
  version = "v0.1.0"

[[projects]]
  digest = "1:e11e53fe8a044e4a1e4f4dbec534f00e19d0132535c7fb2e94c7b98ab4c65af8"
  name = "github.com/gin-gonic/gin"
  packages = [
    ".",
    "binding",
    "internal/json",
    "render",
  ]
  pruneopts = ""
  revision = "b75d67cd51eb53c3c3a2fc406524c940021ffbda"
  version = "v1.4.0"

[[projects]]
  digest = "1:00795ec4f6d2842dcc0e92fa06bcb6cffe708c7d398bc6745a4521dc783a1d0c"
  name = "github.com/go-pg/pg"
  packages = [
    ".",
    "internal",
    "internal/iszero",
    "internal/parser",
    "internal/pool",
    "internal/struct_filter",
    "internal/tag",
    "orm",
    "types",
  ]
  pruneopts = ""
  revision = "11cb265cd96c769490bea4cdc3634ea2049197f6"
  version = "v8.0.4"

[[projects]]
  branch = "master"
  digest = "1:107b233e45174dbab5b1324201d092ea9448e58243ab9f039e4c0f332e121e3a"
  name = "github.com/golang/glog"
  packages = ["."]
  pruneopts = ""
  revision = "23def4e6c14b4da8ac2ed8007337bc5eb5007998"

[[projects]]
  digest = "1:529d738b7976c3848cae5cf3a8036440166835e389c1f617af701eeb12a0518d"
  name = "github.com/golang/protobuf"
  packages = ["proto"]
  pruneopts = ""
  revision = "b5d812f8a3706043e23a9cd5babf2e5423744d30"
  version = "v1.3.1"

[[projects]]
  branch = "master"
  digest = "1:a7b97371fb9af808b6a4fcc6693276ef7869bb1f282c3c87038c6c7e74ef4ae6"
  name = "github.com/jinzhu/inflection"
  packages = ["."]
  pruneopts = ""
  revision = "f5c5f50e6090ae76a29240b61ae2a90dd810112e"

[[projects]]
  digest = "1:7df5a9695a743c3e1626b28bb8741602c8c15527e1efaeaec48ab2ff9a23f74c"
  name = "github.com/joho/godotenv"
  packages = ["."]
  pruneopts = ""
  revision = "23d116af351c84513e1946b527c88823e476be13"
  version = "v1.3.0"

[[projects]]
  digest = "1:12d3de2c11e54ea37d7f00daf85088ad5e61ec4e8a1f828d6c8b657976856be7"
  name = "github.com/json-iterator/go"
  packages = ["."]
  pruneopts = ""
  revision = "0ff49de124c6f76f8494e194af75bde0f1a49a29"
  version = "v1.1.6"

[[projects]]
  digest = "1:dbfae9da5a674236b914e486086671145b37b5e3880a38da906665aede3c9eab"
  name = "github.com/mattn/go-isatty"
  packages = ["."]
  pruneopts = ""
  revision = "1311e847b0cb909da63b5fecfb5370aa66236465"
  version = "v0.0.8"

[[projects]]
  digest = "1:0c0ff2a89c1bb0d01887e1dac043ad7efbf3ec77482ef058ac423d13497e16fd"
  name = "github.com/modern-go/concurrent"
  packages = ["."]
  pruneopts = ""
  revision = "bacd9c7ef1dd9b15be4a9909b8ac7a4e313eec94"
  version = "1.0.3"

[[projects]]
  digest = "1:e32bdbdb7c377a07a9a46378290059822efdce5c8d96fe71940d87cb4f918855"
  name = "github.com/modern-go/reflect2"
  packages = ["."]
  pruneopts = ""
  revision = "4b7aa43c6742a2c18fdef89dd197aaae7dac7ccd"
  version = "1.0.1"

[[projects]]
  digest = "1:b556a81262ec2441a793c5e299aaeae4dff9ca45e6e6a8beb22b25a5b31392f2"
  name = "github.com/szuecs/gin-glog"
  packages = ["."]
  pruneopts = ""
  revision = "da59244bde84149ae00db0c2b8e62b9d899e6993"
  version = "v1.1.1"

[[projects]]
  digest = "1:a1ca17cff1abec6d4ecdeb03c52338c559affd7f0b2474e928c162986da2d348"
  name = "github.com/ugorji/go"
  packages = ["codec"]
  pruneopts = ""
  revision = "2adff0894ba3bc2eeb9f9aea45fefd49802e1a13"
  version = "v1.1.4"

[[projects]]
  digest = "1:52376909e3b93cfc66ff439bdf9a7bf88783a0017ceded23c3f1c76b9f7e10ee"
  name = "go.mongodb.org/mongo-driver"
  packages = ["bson/primitive"]
  pruneopts = ""
  revision = "582ff343271e8893d785ff094855498c285bce0a"
  version = "v1.0.3"

[[projects]]
  branch = "master"
  digest = "1:9d150270ca2c3356f2224a0878daa1652e4d0b25b345f18b4f6e156cc4b8ec5e"
  name = "golang.org/x/crypto"
  packages = ["pbkdf2"]
  pruneopts = ""
  revision = "f99c8df09eb5bff426315721bfa5f16a99cad32c"

[[projects]]
  branch = "master"
  digest = "1:9b8239b77c18aa2003c1020737c9d9e501ff2d486f166fb08269c5d89371271d"
  name = "golang.org/x/sys"
  packages = ["unix"]
  pruneopts = ""
  revision = "7fc4e5ec1444df20dd195ae7c3bbfcd7114d3faa"

[[projects]]
  digest = "1:dd549e360e5a8f982a28c2bcbe667307ceffe538ed9afc7c965524f1ac285b3f"
  name = "gopkg.in/go-playground/validator.v8"
  packages = ["."]
  pruneopts = ""
  revision = "5f1438d3fca68893a817e4a66806cea46a9e4ebf"
  version = "v8.18.2"

[[projects]]
  digest = "1:cedccf16b71e86db87a24f8d4c70b0a855872eb967cb906a66b95de56aefbd0d"
  name = "gopkg.in/yaml.v2"
  packages = ["."]
  pruneopts = ""
  revision = "51d6538a90f86fe93ac480b35f37b2be17fef232"
  version = "v2.2.2"

[[projects]]
  digest = "1:70b0b4531f255ded5a2d15f61c21d83e4d9f5b798adc26cc751fc96d0d94a9d4"
  name = "mellium.im/sasl"
  packages = ["."]
  pruneopts = ""
  revision = "e58e780e1378aa4df5dc705364ff5ae9a4dd1e04"
  version = "v0.2.1"

[solve-meta]
  analyzer-name = "dep"
  analyzer-version = 1
  input-imports = [
    "github.com/gin-gonic/gin",
    "github.com/go-pg/pg",
    "github.com/go-pg/pg/orm",
    "github.com/joho/godotenv",
    "github.com/szuecs/gin-glog",
    "go.mongodb.org/mongo-driver/bson/primitive",
  ]
  solver-name = "gps-cdcl"
  solver-version = 1
